// !$*UTF8*$!
{
	archiveVersion = 1;
	classes = {
	};
	objectVersion = 77;
	objects = {

/* Begin PBXBuildFile section */
		38C2C1482F87F6AE002733FA /* RswiftLibrary in Frameworks */ = {isa = PBXBuildFile; productRef = 38C2C1472F87F6AE002733FA /* RswiftLibrary */; };
		38EFB3C42F8C8CD200BA3087 /* InlineSnapshotTesting in Frameworks */ = {isa = PBXBuildFile; productRef = 38EFB3C32F8C8CD200BA3087 /* InlineSnapshotTesting */; };
		38EFB3C62F8C8CD200BA3087 /* SnapshotTesting in Frameworks */ = {isa = PBXBuildFile; productRef = 38EFB3C52F8C8CD200BA3087 /* SnapshotTesting */; };
		38EFB3C82F8C8CD200BA3087 /* SnapshotTestingCustomDump in Frameworks */ = {isa = PBXBuildFile; productRef = 38EFB3C72F8C8CD200BA3087 /* SnapshotTestingCustomDump */; };
/* End PBXBuildFile section */

/* Begin PBXContainerItemProxy section */
		38EFB3722F8C80C400BA3087 /* PBXContainerItemProxy */ = {
			isa = PBXContainerItemProxy;
			containerPortal = 38C2C1072F87F26F002733FA /* Project object */;
			proxyType = 1;
			remoteGlobalIDString = 38C2C10E2F87F26F002733FA;
			remoteInfo = Findit;
		};
/* End PBXContainerItemProxy section */

/* Begin PBXFileReference section */
		38C2C10F2F87F26F002733FA /* Findit.app */ = {isa = PBXFileReference; explicitFileType = wrapper.application; includeInIndex = 0; path = Findit.app; sourceTree = BUILT_PRODUCTS_DIR; };
		38EFB36E2F8C80C400BA3087 /* FinditTests.xctest */ = {isa = PBXFileReference; explicitFileType = wrapper.cfbundle; includeInIndex = 0; path = FinditTests.xctest; sourceTree = BUILT_PRODUCTS_DIR; };
/* End PBXFileReference section */

/* Begin PBXFileSystemSynchronizedRootGroup section */
		38C2C1112F87F26F002733FA /* Findit */ = {
			isa = PBXFileSystemSynchronizedRootGroup;
			path = Findit;
			sourceTree = "<group>";
		};
		38EFB36F2F8C80C400BA3087 /* FinditTests */ = {
			isa = PBXFileSystemSynchronizedRootGroup;
			path = FinditTests;
			sourceTree = "<group>";
		};
/* End PBXFileSystemSynchronizedRootGroup section */

/* Begin PBXFrameworksBuildPhase section */
		38C2C10C2F87F26F002733FA /* Frameworks */ = {
			isa = PBXFrameworksBuildPhase;
			buildActionMask = 2147483647;
			files = (
				38C2C1482F87F6AE002733FA /* RswiftLibrary in Frameworks */,
			);
			runOnlyForDeploymentPostprocessing = 0;
		};
		38EFB36B2F8C80C400BA3087 /* Frameworks */ = {
			isa = PBXFrameworksBuildPhase;
			buildActionMask = 2147483647;
			files = (
				38EFB3C82F8C8CD200BA3087 /* SnapshotTestingCustomDump in Frameworks */,
				38EFB3C42F8C8CD200BA3087 /* InlineSnapshotTesting in Frameworks */,
				38EFB3C62F8C8CD200BA3087 /* SnapshotTesting in Frameworks */,
			);
			runOnlyForDeploymentPostprocessing = 0;
		};
/* End PBXFrameworksBuildPhase section */

/* Begin PBXGroup section */
		38C2C1062F87F26F002733FA = {
			isa = PBXGroup;
			children = (
				38C2C1112F87F26F002733FA /* Findit */,
				38EFB36F2F8C80C400BA3087 /* FinditTests */,
				38C2C1102F87F26F002733FA /* Products */,
			);
			sourceTree = "<group>";
		};
		38C2C1102F87F26F002733FA /* Products */ = {
			isa = PBXGroup;
			children = (
				38C2C10F2F87F26F002733FA /* Findit.app */,
				38EFB36E2F8C80C400BA3087 /* FinditTests.xctest */,
			);
			name = Products;
			sourceTree = "<group>";
		};
/* End PBXGroup section */

/* Begin PBXNativeTarget section */
		38C2C10E2F87F26F002733FA /* Findit */ = {
			isa = PBXNativeTarget;
			buildConfigurationList = 38C2C11A2F87F272002733FA /* Build configuration list for PBXNativeTarget "Findit" */;
			buildPhases = (
				38C2C10B2F87F26F002733FA /* Sources */,
				38C2C10C2F87F26F002733FA /* Frameworks */,
				38C2C10D2F87F26F002733FA /* Resources */,
			);
			buildRules = (
			);
			dependencies = (
				38C2C14A2F87F6C5002733FA /* PBXTargetDependency */,
			);
			fileSystemSynchronizedGroups = (
				38C2C1112F87F26F002733FA /* Findit */,
			);
			name = Findit;
			packageProductDependencies = (
				38C2C1472F87F6AE002733FA /* RswiftLibrary */,
			);
			productName = Findit;
			productReference = 38C2C10F2F87F26F002733FA /* Findit.app */;
			productType = "com.apple.product-type.application";
		};
		38EFB36D2F8C80C400BA3087 /* FinditTests */ = {
			isa = PBXNativeTarget;
			buildConfigurationList = 38EFB3742F8C80C400BA3087 /* Build configuration list for PBXNativeTarget "FinditTests" */;
			buildPhases = (
				38EFB36A2F8C80C400BA3087 /* Sources */,
				38EFB36B2F8C80C400BA3087 /* Frameworks */,
				38EFB36C2F8C80C400BA3087 /* Resources */,
			);
			buildRules = (
			);
			dependencies = (
				38EFB3732F8C80C400BA3087 /* PBXTargetDependency */,
			);
			fileSystemSynchronizedGroups = (
				38EFB36F2F8C80C400BA3087 /* FinditTests */,
			);
			name = FinditTests;
			packageProductDependencies = (
				38EFB3C32F8C8CD200BA3087 /* InlineSnapshotTesting */,
				38EFB3C52F8C8CD200BA3087 /* SnapshotTesting */,
				38EFB3C72F8C8CD200BA3087 /* SnapshotTestingCustomDump */,
			);
			productName = FinditTests;
			productReference = 38EFB36E2F8C80C400BA3087 /* FinditTests.xctest */;
			productType = "com.apple.product-type.bundle.unit-test";
		};
/* End PBXNativeTarget section */

/* Begin PBXProject section */
		38C2C1072F87F26F002733FA /* Project object */ = {
			isa = PBXProject;
			attributes = {
				BuildIndependentTargetsInParallel = 1;
				LastSwiftUpdateCheck = 2630;
				LastUpgradeCheck = 2630;
				TargetAttributes = {
					38C2C10E2F87F26F002733FA = {
						CreatedOnToolsVersion = 26.3;
					};
					38EFB36D2F8C80C400BA3087 = {
						CreatedOnToolsVersion = 26.3;
						TestTargetID = 38C2C10E2F87F26F002733FA;
					};
				};
			};
			buildConfigurationList = 38C2C10A2F87F26F002733FA /* Build configuration list for PBXProject "Findit" */;
			developmentRegion = en;
			hasScannedForEncodings = 0;
			knownRegions = (
				en,
				Base,
			);
			mainGroup = 38C2C1062F87F26F002733FA;
			minimizedProjectReferenceProxies = 1;
			packageReferences = (
				38C2C1462F87F6AE002733FA /* XCRemoteSwiftPackageReference "R.swift" */,
				38EFB3C22F8C8CD200BA3087 /* XCRemoteSwiftPackageReference "swift-snapshot-testing" */,
			);
			preferredProjectObjectVersion = 77;
			productRefGroup = 38C2C1102F87F26F002733FA /* Products */;
			projectDirPath = "";
			projectRoot = "";
			targets = (
				38C2C10E2F87F26F002733FA /* Findit */,
				38EFB36D2F8C80C400BA3087 /* FinditTests */,
			);
		};
/* End PBXProject section */

/* Begin PBXResourcesBuildPhase section */
		38C2C10D2F87F26F002733FA /* Resources */ = {
			isa = PBXResourcesBuildPhase;
			buildActionMask = 2147483647;
			files = (
			);
			runOnlyForDeploymentPostprocessing = 0;
		};
		38EFB36C2F8C80C400BA3087 /* Resources */ = {
			isa = PBXResourcesBuildPhase;
			buildActionMask = 2147483647;
			files = (
			);
			runOnlyForDeploymentPostprocessing = 0;
		};
/* End PBXResourcesBuildPhase section */

/* Begin PBXSourcesBuildPhase section */
		38C2C10B2F87F26F002733FA /* Sources */ = {
			isa = PBXSourcesBuildPhase;
			buildActionMask = 2147483647;
			files = (
			);
			runOnlyForDeploymentPostprocessing = 0;
		};
		38EFB36A2F8C80C400BA3087 /* Sources */ = {
			isa = PBXSourcesBuildPhase;
			buildActionMask = 2147483647;
			files = (
			);
			runOnlyForDeploymentPostprocessing = 0;
		};
/* End PBXSourcesBuildPhase section */

/* Begin PBXTargetDependency section */
		38C2C14A2F87F6C5002733FA /* PBXTargetDependency */ = {
			isa = PBXTargetDependency;
			productRef = 38C2C1492F87F6C5002733FA /* RswiftGenerateInternalResources */;
		};
		38EFB3732F8C80C400BA3087 /* PBXTargetDependency */ = {
			isa = PBXTargetDependency;
			target = 38C2C10E2F87F26F002733FA /* Findit */;
			targetProxy = 38EFB3722F8C80C400BA3087 /* PBXContainerItemProxy */;
		};
/* End PBXTargetDependency section */

/* Begin XCBuildConfiguration section */
		38C2C1182F87F272002733FA /* Debug */ = {
			isa = XCBuildConfiguration;
			buildSettings = {
				ALWAYS_SEARCH_USER_PATHS = NO;
				ASSETCATALOG_COMPILER_GENERATE_SWIFT_ASSET_SYMBOL_EXTENSIONS = YES;
				CLANG_ANALYZER_NONNULL = YES;
				CLANG_ANALYZER_NUMBER_OBJECT_CONVERSION = YES_AGGRESSIVE;
				CLANG_CXX_LANGUAGE_STANDARD = "gnu++20";
				CLANG_ENABLE_MODULES = YES;
				CLANG_ENABLE_OBJC_ARC = YES;
				CLANG_ENABLE_OBJC_WEAK = YES;
				CLANG_WARN_BLOCK_CAPTURE_AUTORELEASING = YES;
				CLANG_WARN_BOOL_CONVERSION = YES;
				CLANG_WARN_COMMA = YES;
				CLANG_WARN_CONSTANT_CONVERSION = YES;
				CLANG_WARN_DEPRECATED_OBJC_IMPLEMENTATIONS = YES;
				CLANG_WARN_DIRECT_OBJC_ISA_USAGE = YES_ERROR;
				CLANG_WARN_DOCUMENTATION_COMMENTS = YES;
				CLANG_WARN_EMPTY_BODY = YES;
				CLANG_WARN_ENUM_CONVERSION = YES;
				CLANG_WARN_INFINITE_RECURSION = YES;
				CLANG_WARN_INT_CONVERSION = YES;
				CLANG_WARN_NON_LITERAL_NULL_CONVERSION = YES;
				CLANG_WARN_OBJC_IMPLICIT_RETAIN_SELF = YES;
				CLANG_WARN_OBJC_LITERAL_CONVERSION = YES;
				CLANG_WARN_OBJC_ROOT_CLASS = YES_ERROR;
				CLANG_WARN_QUOTED_INCLUDE_IN_FRAMEWORK_HEADER = YES;
				CLANG_WARN_RANGE_LOOP_ANALYSIS = YES;
				CLANG_WARN_STRICT_PROTOTYPES = YES;
				CLANG_WARN_SUSPICIOUS_MOVE = YES;
				CLANG_WARN_UNGUARDED_AVAILABILITY = YES_AGGRESSIVE;
				CLANG_WARN_UNREACHABLE_CODE = YES;
				CLANG_WARN__DUPLICATE_METHOD_MATCH = YES;
				COPY_PHASE_STRIP = NO;
				DEBUG_INFORMATION_FORMAT = dwarf;
				DEVELOPMENT_TEAM = Q2UDAMQ287;
				ENABLE_STRICT_OBJC_MSGSEND = YES;
				ENABLE_TESTABILITY = YES;
				ENABLE_USER_SCRIPT_SANDBOXING = YES;
				GCC_C_LANGUAGE_STANDARD = gnu17;
				GCC_DYNAMIC_NO_PIC = NO;
				GCC_NO_COMMON_BLOCKS = YES;
				GCC_OPTIMIZATION_LEVEL = 0;
				GCC_PREPROCESSOR_DEFINITIONS = (
					"DEBUG=1",
					"$(inherited)",
				);
				GCC_WARN_64_TO_32_BIT_CONVERSION = YES;
				GCC_WARN_ABOUT_RETURN_TYPE = YES_ERROR;
				GCC_WARN_UNDECLARED_SELECTOR = YES;
				GCC_WARN_UNINITIALIZED_AUTOS = YES_AGGRESSIVE;
				GCC_WARN_UNUSED_FUNCTION = YES;
				GCC_WARN_UNUSED_VARIABLE = YES;
				IPHONEOS_DEPLOYMENT_TARGET = 26.2;
				LOCALIZATION_PREFERS_STRING_CATALOGS = YES;
				MTL_ENABLE_DEBUG_INFO = INCLUDE_SOURCE;
				MTL_FAST_MATH = YES;
				ONLY_ACTIVE_ARCH = YES;
				SDKROOT = iphoneos;
				SWIFT_ACTIVE_COMPILATION_CONDITIONS = "DEBUG $(inherited)";
				SWIFT_OPTIMIZATION_LEVEL = "-Onone";
			};
			name = Debug;
		};
		38C2C1192F87F272002733FA /* Release */ = {
			isa = XCBuildConfiguration;
			buildSettings = {
				ALWAYS_SEARCH_USER_PATHS = NO;
				ASSETCATALOG_COMPILER_GENERATE_SWIFT_ASSET_SYMBOL_EXTENSIONS = YES;
				CLANG_ANALYZER_NONNULL = YES;
				CLANG_ANALYZER_NUMBER_OBJECT_CONVERSION = YES_AGGRESSIVE;
				CLANG_CXX_LANGUAGE_STANDARD = "gnu++20";
				CLANG_ENABLE_MODULES = YES;
				CLANG_ENABLE_OBJC_ARC = YES;
				CLANG_ENABLE_OBJC_WEAK = YES;
				CLANG_WARN_BLOCK_CAPTURE_AUTORELEASING = YES;
				CLANG_WARN_BOOL_CONVERSION = YES;
				CLANG_WARN_COMMA = YES;
				CLANG_WARN_CONSTANT_CONVERSION = YES;
				CLANG_WARN_DEPRECATED_OBJC_IMPLEMENTATIONS = YES;
				CLANG_WARN_DIRECT_OBJC_ISA_USAGE = YES_ERROR;
				CLANG_WARN_DOCUMENTATION_COMMENTS = YES;
				CLANG_WARN_EMPTY_BODY = YES;
				CLANG_WARN_ENUM_CONVERSION = YES;
				CLANG_WARN_INFINITE_RECURSION = YES;
				CLANG_WARN_INT_CONVERSION = YES;
				CLANG_WARN_NON_LITERAL_NULL_CONVERSION = YES;
				CLANG_WARN_OBJC_IMPLICIT_RETAIN_SELF = YES;
				CLANG_WARN_OBJC_LITERAL_CONVERSION = YES;
				CLANG_WARN_OBJC_ROOT_CLASS = YES_ERROR;
				CLANG_WARN_QUOTED_INCLUDE_IN_FRAMEWORK_HEADER = YES;
				CLANG_WARN_RANGE_LOOP_ANALYSIS = YES;
				CLANG_WARN_STRICT_PROTOTYPES = YES;
				CLANG_WARN_SUSPICIOUS_MOVE = YES;
				CLANG_WARN_UNGUARDED_AVAILABILITY = YES_AGGRESSIVE;
				CLANG_WARN_UNREACHABLE_CODE = YES;
				CLANG_WARN__DUPLICATE_METHOD_MATCH = YES;
				COPY_PHASE_STRIP = NO;
				DEBUG_INFORMATION_FORMAT = "dwarf-with-dsym";
				DEVELOPMENT_TEAM = Q2UDAMQ287;
				ENABLE_NS_ASSERTIONS = NO;
				ENABLE_STRICT_OBJC_MSGSEND = YES;
				ENABLE_USER_SCRIPT_SANDBOXING = YES;
				GCC_C_LANGUAGE_STANDARD = gnu17;
				GCC_NO_COMMON_BLOCKS = YES;
				GCC_WARN_64_TO_32_BIT_CONVERSION = YES;
				GCC_WARN_ABOUT_RETURN_TYPE = YES_ERROR;
				GCC_WARN_UNDECLARED_SELECTOR = YES;
				GCC_WARN_UNINITIALIZED_AUTOS = YES_AGGRESSIVE;
				GCC_WARN_UNUSED_FUNCTION = YES;
				GCC_WARN_UNUSED_VARIABLE = YES;
				IPHONEOS_DEPLOYMENT_TARGET = 26.2;
				LOCALIZATION_PREFERS_STRING_CATALOGS = YES;
				MTL_ENABLE_DEBUG_INFO = NO;
				MTL_FAST_MATH = YES;
				SDKROOT = iphoneos;
				SWIFT_COMPILATION_MODE = wholemodule;
				VALIDATE_PRODUCT = YES;
			};
			name = Release;
		};
		38C2C11B2F87F272002733FA /* Debug */ = {
			isa = XCBuildConfiguration;
			buildSettings = {
				ASSETCATALOG_COMPILER_APPICON_NAME = AppIcon;
				ASSETCATALOG_COMPILER_GLOBAL_ACCENT_COLOR_NAME = AccentColor;
				CODE_SIGN_STYLE = Automatic;
				CURRENT_PROJECT_VERSION = 1;
				DEVELOPMENT_TEAM = Q2UDAMQ287;
				ENABLE_PREVIEWS = YES;
				GENERATE_INFOPLIST_FILE = YES;
				INFOPLIST_KEY_CFBundleDisplayName = "Find It";
				INFOPLIST_KEY_UIApplicationSceneManifest_Generation = YES;
				INFOPLIST_KEY_UIApplicationSupportsIndirectInputEvents = YES;
				INFOPLIST_KEY_UILaunchStoryboardName = LaunchScreen;
				INFOPLIST_KEY_UIStatusBarHidden = YES;
				INFOPLIST_KEY_UISupportedInterfaceOrientations = UIInterfaceOrientationPortrait;
				IPHONEOS_DEPLOYMENT_TARGET = 17.6;
				LD_RUNPATH_SEARCH_PATHS = (
					"$(inherited)",
					"@executable_path/Frameworks",
				);
				MARKETING_VERSION = 1.0;
				PRODUCT_BUNDLE_IDENTIFIER = me.dgmieth.Findit;
				PRODUCT_NAME = "$(TARGET_NAME)";
				STRING_CATALOG_GENERATE_SYMBOLS = YES;
				SWIFT_APPROACHABLE_CONCURRENCY = YES;
				SWIFT_DEFAULT_ACTOR_ISOLATION = nonisolated;
				SWIFT_EMIT_LOC_STRINGS = YES;
				SWIFT_UPCOMING_FEATURE_MEMBER_IMPORT_VISIBILITY = NO;
				SWIFT_VERSION = 6.0;
				TARGETED_DEVICE_FAMILY = "1,2";
			};
			name = Debug;
		};
		38C2C11C2F87F272002733FA /* Release */ = {
			isa = XCBuildConfiguration;
			buildSettings = {
				ASSETCATALOG_COMPILER_APPICON_NAME = AppIcon;
				ASSETCATALOG_COMPILER_GLOBAL_ACCENT_COLOR_NAME = AccentColor;
				CODE_SIGN_STYLE = Automatic;
				CURRENT_PROJECT_VERSION = 1;
				DEVELOPMENT_TEAM = Q2UDAMQ287;
				ENABLE_PREVIEWS = YES;
				GENERATE_INFOPLIST_FILE = YES;
				INFOPLIST_KEY_CFBundleDisplayName = "Find It";
				INFOPLIST_KEY_UIApplicationSceneManifest_Generation = YES;
				INFOPLIST_KEY_UIApplicationSupportsIndirectInputEvents = YES;
				INFOPLIST_KEY_UILaunchStoryboardName = LaunchScreen;
				INFOPLIST_KEY_UIStatusBarHidden = YES;
				INFOPLIST_KEY_UISupportedInterfaceOrientations = UIInterfaceOrientationPortrait;
				IPHONEOS_DEPLOYMENT_TARGET = 17.6;
				LD_RUNPATH_SEARCH_PATHS = (
					"$(inherited)",
					"@executable_path/Frameworks",
				);
				MARKETING_VERSION = 1.0;
				PRODUCT_BUNDLE_IDENTIFIER = me.dgmieth.Findit;
				PRODUCT_NAME = "$(TARGET_NAME)";
				STRING_CATALOG_GENERATE_SYMBOLS = YES;
				SWIFT_APPROACHABLE_CONCURRENCY = YES;
				SWIFT_DEFAULT_ACTOR_ISOLATION = nonisolated;
				SWIFT_EMIT_LOC_STRINGS = YES;
				SWIFT_UPCOMING_FEATURE_MEMBER_IMPORT_VISIBILITY = NO;
				SWIFT_VERSION = 6.0;
				TARGETED_DEVICE_FAMILY = "1,2";
			};
			name = Release;
		};
		38EFB3752F8C80C400BA3087 /* Debug */ = {
			isa = XCBuildConfiguration;
			buildSettings = {
				BUNDLE_LOADER = "$(TEST_HOST)";
				CODE_SIGN_STYLE = Automatic;
				CURRENT_PROJECT_VERSION = 1;
				DEVELOPMENT_TEAM = Q2UDAMQ287;
				GENERATE_INFOPLIST_FILE = YES;
				INFOPLIST_KEY_CFBundleDisplayName = "Find It";
				IPHONEOS_DEPLOYMENT_TARGET = 17.6;
				MARKETING_VERSION = 1.0;
				PRODUCT_BUNDLE_IDENTIFIER = me.dgmieth.FinditTests;
				PRODUCT_NAME = "$(TARGET_NAME)";
				STRING_CATALOG_GENERATE_SYMBOLS = NO;
				SWIFT_APPROACHABLE_CONCURRENCY = YES;
				SWIFT_EMIT_LOC_STRINGS = NO;
				SWIFT_UPCOMING_FEATURE_MEMBER_IMPORT_VISIBILITY = YES;
				SWIFT_VERSION = 5.0;
				TARGETED_DEVICE_FAMILY = "1,2";
				TEST_HOST = "$(BUILT_PRODUCTS_DIR)/Findit.app/$(BUNDLE_EXECUTABLE_FOLDER_PATH)/Findit";
			};
			name = Debug;
		};
		38EFB3762F8C80C400BA3087 /* Release */ = {
			isa = XCBuildConfiguration;
			buildSettings = {
				BUNDLE_LOADER = "$(TEST_HOST)";
				CODE_SIGN_STYLE = Automatic;
				CURRENT_PROJECT_VERSION = 1;
				DEVELOPMENT_TEAM = Q2UDAMQ287;
				GENERATE_INFOPLIST_FILE = YES;
				INFOPLIST_KEY_CFBundleDisplayName = "Find It";
				IPHONEOS_DEPLOYMENT_TARGET = 17.6;
				MARKETING_VERSION = 1.0;
				PRODUCT_BUNDLE_IDENTIFIER = me.dgmieth.FinditTests;
				PRODUCT_NAME = "$(TARGET_NAME)";
				STRING_CATALOG_GENERATE_SYMBOLS = NO;
				SWIFT_APPROACHABLE_CONCURRENCY = YES;
				SWIFT_EMIT_LOC_STRINGS = NO;
				SWIFT_UPCOMING_FEATURE_MEMBER_IMPORT_VISIBILITY = YES;
				SWIFT_VERSION = 5.0;
				TARGETED_DEVICE_FAMILY = "1,2";
				TEST_HOST = "$(BUILT_PRODUCTS_DIR)/Findit.app/$(BUNDLE_EXECUTABLE_FOLDER_PATH)/Findit";
			};
			name = Release;
		};
/* End XCBuildConfiguration section */

/* Begin XCConfigurationList section */
		38C2C10A2F87F26F002733FA /* Build configuration list for PBXProject "Findit" */ = {
			isa = XCConfigurationList;
			buildConfigurations = (
				38C2C1182F87F272002733FA /* Debug */,
				38C2C1192F87F272002733FA /* Release */,
			);
			defaultConfigurationIsVisible = 0;
			defaultConfigurationName = Release;
		};
		38C2C11A2F87F272002733FA /* Build configuration list for PBXNativeTarget "Findit" */ = {
			isa = XCConfigurationList;
			buildConfigurations = (
				38C2C11B2F87F272002733FA /* Debug */,
				38C2C11C2F87F272002733FA /* Release */,
			);
			defaultConfigurationIsVisible = 0;
			defaultConfigurationName = Release;
		};
		38EFB3742F8C80C400BA3087 /* Build configuration list for PBXNativeTarget "FinditTests" */ = {
			isa = XCConfigurationList;
			buildConfigurations = (
				38EFB3752F8C80C400BA3087 /* Debug */,
				38EFB3762F8C80C400BA3087 /* Release */,
			);
			defaultConfigurationIsVisible = 0;
			defaultConfigurationName = Release;
		};
/* End XCConfigurationList section */

/* Begin XCRemoteSwiftPackageReference section */
		38C2C1462F87F6AE002733FA /* XCRemoteSwiftPackageReference "R.swift" */ = {
			isa = XCRemoteSwiftPackageReference;
			repositoryURL = "https://github.com/mac-cain13/R.swift.git";
			requirement = {
				kind = upToNextMajorVersion;
				minimumVersion = 7.8.0;
			};
		};
		38EFB3C22F8C8CD200BA3087 /* XCRemoteSwiftPackageReference "swift-snapshot-testing" */ = {
			isa = XCRemoteSwiftPackageReference;
			repositoryURL = "https://github.com/pointfreeco/swift-snapshot-testing";
			requirement = {
				kind = upToNextMajorVersion;
				minimumVersion = 1.19.2;
			};
		};
/* End XCRemoteSwiftPackageReference section */

/* Begin XCSwiftPackageProductDependency section */
		38C2C1472F87F6AE002733FA /* RswiftLibrary */ = {
			isa = XCSwiftPackageProductDependency;
			package = 38C2C1462F87F6AE002733FA /* XCRemoteSwiftPackageReference "R.swift" */;
			productName = RswiftLibrary;
		};
		38C2C1492F87F6C5002733FA /* RswiftGenerateInternalResources */ = {
			isa = XCSwiftPackageProductDependency;
			package = 38C2C1462F87F6AE002733FA /* XCRemoteSwiftPackageReference "R.swift" */;
			productName = "plugin:RswiftGenerateInternalResources";
		};
		38EFB3C32F8C8CD200BA3087 /* InlineSnapshotTesting */ = {
			isa = XCSwiftPackageProductDependency;
			package = 38EFB3C22F8C8CD200BA3087 /* XCRemoteSwiftPackageReference "swift-snapshot-testing" */;
			productName = InlineSnapshotTesting;
		};
		38EFB3C52F8C8CD200BA3087 /* SnapshotTesting */ = {
			isa = XCSwiftPackageProductDependency;
			package = 38EFB3C22F8C8CD200BA3087 /* XCRemoteSwiftPackageReference "swift-snapshot-testing" */;
			productName = SnapshotTesting;
		};
		38EFB3C72F8C8CD200BA3087 /* SnapshotTestingCustomDump */ = {
			isa = XCSwiftPackageProductDependency;
			package = 38EFB3C22F8C8CD200BA3087 /* XCRemoteSwiftPackageReference "swift-snapshot-testing" */;
			productName = SnapshotTestingCustomDump;
		};
/* End XCSwiftPackageProductDependency section */
	};
	rootObject = 38C2C1072F87F26F002733FA /* Project object */;
}
